
Microsoft Visual Studio Solution File, Format Version 12.00
# Visual Studio Version 17
VisualStudioVersion = 17.0.31903.59
MinimumVisualStudioVersion = 10.0.40219.1
Project("{2150E333-8FDC-42A3-9474-1A3956D46DE8}") = "src", "src", "{706EF90F-9296-4042-8BF4-34A9461171E4}"
EndProject
Project("{FAE04EC0-301F-11D3-BF4B-00C04F79EFBC}") = "VRNotify.Domain", "src\VRNotify.Domain\VRNotify.Domain.csproj", "{A9CC3489-6D84-4188-B9E4-D2DFF93B1145}"
EndProject
Project("{FAE04EC0-301F-11D3-BF4B-00C04F79EFBC}") = "VRNotify.Application", "src\VRNotify.Application\VRNotify.Application.csproj", "{0570A6D9-1BD9-411A-BDD2-E0A7B590A8F7}"
EndProject
Project("{FAE04EC0-301F-11D3-BF4B-00C04F79EFBC}") = "VRNotify.Infrastructure", "src\VRNotify.Infrastructure\VRNotify.Infrastructure.csproj", "{361C7808-8031-43EA-8907-98E7843E9290}"
EndProject
Project("{FAE04EC0-301F-11D3-BF4B-00C04F79EFBC}") = "VRNotify.Overlay", "src\VRNotify.Overlay\VRNotify.Overlay.csproj", "{77A60D33-7C6A-4A4D-9674-C3549D43AC9D}"
EndProject
Project("{FAE04EC0-301F-11D3-BF4B-00C04F79EFBC}") = "VRNotify.Host", "src\VRNotify.Host\VRNotify.Host.csproj", "{C53FA88F-2A92-4A59-BAB9-DE58C599B251}"
EndProject
Project("{FAE04EC0-301F-11D3-BF4B-00C04F79EFBC}") = "VRNotify.Desktop", "src\VRNotify.Desktop\VRNotify.Desktop.csproj", "{8A103ACC-782C-44D6-8663-2DA18FBB7DC5}"
EndProject
Project("{2150E333-8FDC-42A3-9474-1A3956D46DE8}") = "tests", "tests", "{654CC3B3-E423-4FC3-B46C-B50E20B6BBD2}"
EndProject
Project("{FAE04EC0-301F-11D3-BF4B-00C04F79EFBC}") = "VRNotify.Domain.Tests", "tests\VRNotify.Domain.Tests\VRNotify.Domain.Tests.csproj", "{A1011347-643E-47B6-9082-0E47AF09EA36}"
EndProject
Project("{FAE04EC0-301F-11D3-BF4B-00C04F79EFBC}") = "VRNotify.Application.Tests", "tests\VRNotify.Application.Tests\VRNotify.Application.Tests.csproj", "{D4FC3761-42FC-4ED5-9BFD-0FF47F9C3538}"
EndProject
Project("{FAE04EC0-301F-11D3-BF4B-00C04F79EFBC}") = "VRNotify.Integration.Tests", "tests\VRNotify.Integration.Tests\VRNotify.Integration.Tests.csproj", "{0D628C6D-7A66-4EEB-9984-C4C1EAC8F02B}"
EndProject
Global
	GlobalSection(SolutionConfigurationPlatforms) = preSolution
		Debug|Any CPU = Debug|Any CPU
		Release|Any CPU = Release|Any CPU
	EndGlobalSection
	GlobalSection(SolutionProperties) = preSolution
		HideSolutionNode = FALSE
	EndGlobalSection
	GlobalSection(ProjectConfigurationPlatforms) = postSolution
		{A9CC3489-6D84-4188-B9E4-D2DFF93B1145}.Debug|Any CPU.ActiveCfg = Debug|Any CPU
		{A9CC3489-6D84-4188-B9E4-D2DFF93B1145}.Debug|Any CPU.Build.0 = Debug|Any CPU
		{A9CC3489-6D84-4188-B9E4-D2DFF93B1145}.Release|Any CPU.ActiveCfg = Release|Any CPU
		{A9CC3489-6D84-4188-B9E4-D2DFF93B1145}.Release|Any CPU.Build.0 = Release|Any CPU
		{0570A6D9-1BD9-411A-BDD2-E0A7B590A8F7}.Debug|Any CPU.ActiveCfg = Debug|Any CPU
		{0570A6D9-1BD9-411A-BDD2-E0A7B590A8F7}.Debug|Any CPU.Build.0 = Debug|Any CPU
		{0570A6D9-1BD9-411A-BDD2-E0A7B590A8F7}.Release|Any CPU.ActiveCfg = Release|Any CPU
		{0570A6D9-1BD9-411A-BDD2-E0A7B590A8F7}.Release|Any CPU.Build.0 = Release|Any CPU
		{361C7808-8031-43EA-8907-98E7843E9290}.Debug|Any CPU.ActiveCfg = Debug|Any CPU
		{361C7808-8031-43EA-8907-98E7843E9290}.Debug|Any CPU.Build.0 = Debug|Any CPU
		{361C7808-8031-43EA-8907-98E7843E9290}.Release|Any CPU.ActiveCfg = Release|Any CPU
		{361C7808-8031-43EA-8907-98E7843E9290}.Release|Any CPU.Build.0 = Release|Any CPU
		{77A60D33-7C6A-4A4D-9674-C3549D43AC9D}.Debug|Any CPU.ActiveCfg = Debug|Any CPU
		{77A60D33-7C6A-4A4D-9674-C3549D43AC9D}.Debug|Any CPU.Build.0 = Debug|Any CPU
		{77A60D33-7C6A-4A4D-9674-C3549D43AC9D}.Release|Any CPU.ActiveCfg = Release|Any CPU
		{77A60D33-7C6A-4A4D-9674-C3549D43AC9D}.Release|Any CPU.Build.0 = Release|Any CPU
		{C53FA88F-2A92-4A59-BAB9-DE58C599B251}.Debug|Any CPU.ActiveCfg = Debug|Any CPU
		{C53FA88F-2A92-4A59-BAB9-DE58C599B251}.Debug|Any CPU.Build.0 = Debug|Any CPU
		{C53FA88F-2A92-4A59-BAB9-DE58C599B251}.Release|Any CPU.ActiveCfg = Release|Any CPU
		{C53FA88F-2A92-4A59-BAB9-DE58C599B251}.Release|Any CPU.Build.0 = Release|Any CPU
		{8A103ACC-782C-44D6-8663-2DA18FBB7DC5}.Debug|Any CPU.ActiveCfg = Debug|Any CPU
		{8A103ACC-782C-44D6-8663-2DA18FBB7DC5}.Debug|Any CPU.Build.0 = Debug|Any CPU
		{8A103ACC-782C-44D6-8663-2DA18FBB7DC5}.Release|Any CPU.ActiveCfg = Release|Any CPU
		{8A103ACC-782C-44D6-8663-2DA18FBB7DC5}.Release|Any CPU.Build.0 = Release|Any CPU
		{A1011347-643E-47B6-9082-0E47AF09EA36}.Debug|Any CPU.ActiveCfg = Debug|Any CPU
		{A1011347-643E-47B6-9082-0E47AF09EA36}.Debug|Any CPU.Build.0 = Debug|Any CPU
		{A1011347-643E-47B6-9082-0E47AF09EA36}.Release|Any CPU.ActiveCfg = Release|Any CPU
		{A1011347-643E-47B6-9082-0E47AF09EA36}.Release|Any CPU.Build.0 = Release|Any CPU
		{D4FC3761-42FC-4ED5-9BFD-0FF47F9C3538}.Debug|Any CPU.ActiveCfg = Debug|Any CPU
		{D4FC3761-42FC-4ED5-9BFD-0FF47F9C3538}.Debug|Any CPU.Build.0 = Debug|Any CPU
		{D4FC3761-42FC-4ED5-9BFD-0FF47F9C3538}.Release|Any CPU.ActiveCfg = Release|Any CPU
		{D4FC3761-42FC-4ED5-9BFD-0FF47F9C3538}.Release|Any CPU.Build.0 = Release|Any CPU
		{0D628C6D-7A66-4EEB-9984-C4C1EAC8F02B}.Debug|Any CPU.ActiveCfg = Debug|Any CPU
		{0D628C6D-7A66-4EEB-9984-C4C1EAC8F02B}.Debug|Any CPU.Build.0 = Debug|Any CPU
		{0D628C6D-7A66-4EEB-9984-C4C1EAC8F02B}.Release|Any CPU.ActiveCfg = Release|Any CPU
		{0D628C6D-7A66-4EEB-9984-C4C1EAC8F02B}.Release|Any CPU.Build.0 = Release|Any CPU
	EndGlobalSection
	GlobalSection(NestedProjects) = preSolution
		{A9CC3489-6D84-4188-B9E4-D2DFF93B1145} = {706EF90F-9296-4042-8BF4-34A9461171E4}
		{0570A6D9-1BD9-411A-BDD2-E0A7B590A8F7} = {706EF90F-9296-4042-8BF4-34A9461171E4}
		{361C7808-8031-43EA-8907-98E7843E9290} = {706EF90F-9296-4042-8BF4-34A9461171E4}
		{77A60D33-7C6A-4A4D-9674-C3549D43AC9D} = {706EF90F-9296-4042-8BF4-34A9461171E4}
		{C53FA88F-2A92-4A59-BAB9-DE58C599B251} = {706EF90F-9296-4042-8BF4-34A9461171E4}
		{8A103ACC-782C-44D6-8663-2DA18FBB7DC5} = {706EF90F-9296-4042-8BF4-34A9461171E4}
		{A1011347-643E-47B6-9082-0E47AF09EA36} = {654CC3B3-E423-4FC3-B46C-B50E20B6BBD2}
		{D4FC3761-42FC-4ED5-9BFD-0FF47F9C3538} = {654CC3B3-E423-4FC3-B46C-B50E20B6BBD2}
		{0D628C6D-7A66-4EEB-9984-C4C1EAC8F02B} = {654CC3B3-E423-4FC3-B46C-B50E20B6BBD2}
	EndGlobalSection
EndGlobal
